
Microsoft Visual Studio Solution File, Format Version 12.00
# Visual Studio Version 17
VisualStudioVersion = 17.1.32210.238
MinimumVisualStudioVersion = 10.0.40219.1
Project("{FAE04EC0-301F-11D3-BF4B-00C04F79EFBC}") = "Observer_2(.NET)", "Observer_2(.NET)\Observer_2(.NET).csproj", "{F5785B5A-1BAD-4ECB-91B7-EA6E91451A76}"
EndProject
Global
	GlobalSection(SolutionConfigurationPlatforms) = preSolution
		Debug|Any CPU = Debug|Any CPU
		Release|Any CPU = Release|Any CPU
	EndGlobalSection
	GlobalSection(ProjectConfigurationPlatforms) = postSolution
		{F5785B5A-1BAD-4ECB-91B7-EA6E91451A76}.Debug|Any CPU.ActiveCfg = Debug|Any CPU
		{F5785B5A-1BAD-4ECB-91B7-EA6E91451A76}.Debug|Any CPU.Build.0 = Debug|Any CPU
		{F5785B5A-1BAD-4ECB-91B7-EA6E91451A76}.Release|Any CPU.ActiveCfg = Release|Any CPU
		{F5785B5A-1BAD-4ECB-91B7-EA6E91451A76}.Release|Any CPU.Build.0 = Release|Any CPU
	EndGlobalSection
	GlobalSection(SolutionProperties) = preSolution
		HideSolutionNode = FALSE
	EndGlobalSection
	GlobalSection(ExtensibilityGlobals) = postSolution
		SolutionGuid = {317998C6-7A2B-4E59-905A-AAFEF52609B4}
	EndGlobalSection
EndGlobal
