
Microsoft Visual Studio Solution File, Format Version 12.00
# Visual Studio Version 17
VisualStudioVersion = 17.1.32210.238
MinimumVisualStudioVersion = 10.0.40219.1
Project("{FAE04EC0-301F-11D3-BF4B-00C04F79EFBC}") = "Memento_1", "Memento_1\Memento_1.csproj", "{47FAD60D-7EE6-47E1-A69B-5904165F8816}"
EndProject
Global
	GlobalSection(SolutionConfigurationPlatforms) = preSolution
		Debug|Any CPU = Debug|Any CPU
		Release|Any CPU = Release|Any CPU
	EndGlobalSection
	GlobalSection(ProjectConfigurationPlatforms) = postSolution
		{47FAD60D-7EE6-47E1-A69B-5904165F8816}.Debug|Any CPU.ActiveCfg = Debug|Any CPU
		{47FAD60D-7EE6-47E1-A69B-5904165F8816}.Debug|Any CPU.Build.0 = Debug|Any CPU
		{47FAD60D-7EE6-47E1-A69B-5904165F8816}.Release|Any CPU.ActiveCfg = Release|Any CPU
		{47FAD60D-7EE6-47E1-A69B-5904165F8816}.Release|Any CPU.Build.0 = Release|Any CPU
	EndGlobalSection
	GlobalSection(SolutionProperties) = preSolution
		HideSolutionNode = FALSE
	EndGlobalSection
	GlobalSection(ExtensibilityGlobals) = postSolution
		SolutionGuid = {7194FB40-CB7B-45E1-B2A1-2E30D498745E}
	EndGlobalSection
EndGlobal
