
Microsoft Visual Studio Solution File, Format Version 12.00
# Visual Studio Version 17
VisualStudioVersion = 17.1.32210.238
MinimumVisualStudioVersion = 10.0.40219.1
Project("{FAE04EC0-301F-11D3-BF4B-00C04F79EFBC}") = "Template_Method", "Template_Method\Template_Method.csproj", "{A7C6B11D-6E12-41D7-AC09-306B94A24C10}"
EndProject
Global
	GlobalSection(SolutionConfigurationPlatforms) = preSolution
		Debug|Any CPU = Debug|Any CPU
		Release|Any CPU = Release|Any CPU
	EndGlobalSection
	GlobalSection(ProjectConfigurationPlatforms) = postSolution
		{A7C6B11D-6E12-41D7-AC09-306B94A24C10}.Debug|Any CPU.ActiveCfg = Debug|Any CPU
		{A7C6B11D-6E12-41D7-AC09-306B94A24C10}.Debug|Any CPU.Build.0 = Debug|Any CPU
		{A7C6B11D-6E12-41D7-AC09-306B94A24C10}.Release|Any CPU.ActiveCfg = Release|Any CPU
		{A7C6B11D-6E12-41D7-AC09-306B94A24C10}.Release|Any CPU.Build.0 = Release|Any CPU
	EndGlobalSection
	GlobalSection(SolutionProperties) = preSolution
		HideSolutionNode = FALSE
	EndGlobalSection
	GlobalSection(ExtensibilityGlobals) = postSolution
		SolutionGuid = {9AB81E2C-2CEA-477A-898C-B897C4109BD7}
	EndGlobalSection
EndGlobal
