
Microsoft Visual Studio Solution File, Format Version 12.00
# Visual Studio Version 17
VisualStudioVersion = 17.1.32210.238
MinimumVisualStudioVersion = 10.0.40219.1
Project("{FAE04EC0-301F-11D3-BF4B-00C04F79EFBC}") = "Chain_Responsability_1", "Chain_Responsability_1\Chain_Responsability_1.csproj", "{EB6FE886-4AD1-473C-B2D4-968C56D8ACDA}"
EndProject
Global
	GlobalSection(SolutionConfigurationPlatforms) = preSolution
		Debug|Any CPU = Debug|Any CPU
		Release|Any CPU = Release|Any CPU
	EndGlobalSection
	GlobalSection(ProjectConfigurationPlatforms) = postSolution
		{EB6FE886-4AD1-473C-B2D4-968C56D8ACDA}.Debug|Any CPU.ActiveCfg = Debug|Any CPU
		{EB6FE886-4AD1-473C-B2D4-968C56D8ACDA}.Debug|Any CPU.Build.0 = Debug|Any CPU
		{EB6FE886-4AD1-473C-B2D4-968C56D8ACDA}.Release|Any CPU.ActiveCfg = Release|Any CPU
		{EB6FE886-4AD1-473C-B2D4-968C56D8ACDA}.Release|Any CPU.Build.0 = Release|Any CPU
	EndGlobalSection
	GlobalSection(SolutionProperties) = preSolution
		HideSolutionNode = FALSE
	EndGlobalSection
	GlobalSection(ExtensibilityGlobals) = postSolution
		SolutionGuid = {141B4AD9-6837-4AFA-B666-A647611EDDD6}
	EndGlobalSection
EndGlobal
