
Microsoft Visual Studio Solution File, Format Version 12.00
# Visual Studio Version 17
VisualStudioVersion = 17.1.32210.238
MinimumVisualStudioVersion = 10.0.40219.1
Project("{FAE04EC0-301F-11D3-BF4B-00C04F79EFBC}") = "Observer_4(GC)", "Observer_4(GC)\Observer_4(GC).csproj", "{3FA18787-E1C1-4FAC-BB94-585E126A4226}"
EndProject
Global
	GlobalSection(SolutionConfigurationPlatforms) = preSolution
		Debug|Any CPU = Debug|Any CPU
		Release|Any CPU = Release|Any CPU
	EndGlobalSection
	GlobalSection(ProjectConfigurationPlatforms) = postSolution
		{3FA18787-E1C1-4FAC-BB94-585E126A4226}.Debug|Any CPU.ActiveCfg = Debug|Any CPU
		{3FA18787-E1C1-4FAC-BB94-585E126A4226}.Debug|Any CPU.Build.0 = Debug|Any CPU
		{3FA18787-E1C1-4FAC-BB94-585E126A4226}.Release|Any CPU.ActiveCfg = Release|Any CPU
		{3FA18787-E1C1-4FAC-BB94-585E126A4226}.Release|Any CPU.Build.0 = Release|Any CPU
	EndGlobalSection
	GlobalSection(SolutionProperties) = preSolution
		HideSolutionNode = FALSE
	EndGlobalSection
	GlobalSection(ExtensibilityGlobals) = postSolution
		SolutionGuid = {12B00BE7-C6DE-42D1-94E6-47331C10ADC3}
	EndGlobalSection
EndGlobal
