
Microsoft Visual Studio Solution File, Format Version 12.00
# Visual Studio Version 17
VisualStudioVersion = 17.1.32210.238
MinimumVisualStudioVersion = 10.0.40219.1
Project("{9A19103F-16F7-4668-BE54-9A1E7A4F7556}") = "IClonable", "04_Prototype\IClonable.csproj", "{A123CA1E-72DF-4557-86E6-BF208911B155}"
EndProject
Global
	GlobalSection(SolutionConfigurationPlatforms) = preSolution
		Debug|Any CPU = Debug|Any CPU
		Release|Any CPU = Release|Any CPU
	EndGlobalSection
	GlobalSection(ProjectConfigurationPlatforms) = postSolution
		{A123CA1E-72DF-4557-86E6-BF208911B155}.Debug|Any CPU.ActiveCfg = Debug|Any CPU
		{A123CA1E-72DF-4557-86E6-BF208911B155}.Debug|Any CPU.Build.0 = Debug|Any CPU
		{A123CA1E-72DF-4557-86E6-BF208911B155}.Release|Any CPU.ActiveCfg = Release|Any CPU
		{A123CA1E-72DF-4557-86E6-BF208911B155}.Release|Any CPU.Build.0 = Release|Any CPU
	EndGlobalSection
	GlobalSection(SolutionProperties) = preSolution
		HideSolutionNode = FALSE
	EndGlobalSection
	GlobalSection(ExtensibilityGlobals) = postSolution
		SolutionGuid = {50217D9E-22AC-4189-BE8A-2ADE8C0A7E84}
	EndGlobalSection
EndGlobal
