
Microsoft Visual Studio Solution File, Format Version 12.00
# Visual Studio Version 17
VisualStudioVersion = 17.1.32210.238
MinimumVisualStudioVersion = 10.0.40219.1
Project("{FAE04EC0-301F-11D3-BF4B-00C04F79EFBC}") = "Proxy", "Proxy\Proxy.csproj", "{06E5B94C-4C38-4293-9AA5-F2991E7EB222}"
EndProject
Global
	GlobalSection(SolutionConfigurationPlatforms) = preSolution
		Debug|Any CPU = Debug|Any CPU
		Release|Any CPU = Release|Any CPU
	EndGlobalSection
	GlobalSection(ProjectConfigurationPlatforms) = postSolution
		{06E5B94C-4C38-4293-9AA5-F2991E7EB222}.Debug|Any CPU.ActiveCfg = Debug|Any CPU
		{06E5B94C-4C38-4293-9AA5-F2991E7EB222}.Debug|Any CPU.Build.0 = Debug|Any CPU
		{06E5B94C-4C38-4293-9AA5-F2991E7EB222}.Release|Any CPU.ActiveCfg = Release|Any CPU
		{06E5B94C-4C38-4293-9AA5-F2991E7EB222}.Release|Any CPU.Build.0 = Release|Any CPU
	EndGlobalSection
	GlobalSection(SolutionProperties) = preSolution
		HideSolutionNode = FALSE
	EndGlobalSection
	GlobalSection(ExtensibilityGlobals) = postSolution
		SolutionGuid = {283AC86F-1B1C-47E3-A2CD-59274A9602B9}
	EndGlobalSection
EndGlobal
