
Microsoft Visual Studio Solution File, Format Version 12.00
# Visual Studio Version 17
VisualStudioVersion = 17.1.32210.238
MinimumVisualStudioVersion = 10.0.40219.1
Project("{FAE04EC0-301F-11D3-BF4B-00C04F79EFBC}") = "Iterator_2", "Iterator_2\Iterator_2.csproj", "{5EE6DC15-0D13-498D-B728-DF7CB1397FED}"
EndProject
Global
	GlobalSection(SolutionConfigurationPlatforms) = preSolution
		Debug|Any CPU = Debug|Any CPU
		Release|Any CPU = Release|Any CPU
	EndGlobalSection
	GlobalSection(ProjectConfigurationPlatforms) = postSolution
		{5EE6DC15-0D13-498D-B728-DF7CB1397FED}.Debug|Any CPU.ActiveCfg = Debug|Any CPU
		{5EE6DC15-0D13-498D-B728-DF7CB1397FED}.Debug|Any CPU.Build.0 = Debug|Any CPU
		{5EE6DC15-0D13-498D-B728-DF7CB1397FED}.Release|Any CPU.ActiveCfg = Release|Any CPU
		{5EE6DC15-0D13-498D-B728-DF7CB1397FED}.Release|Any CPU.Build.0 = Release|Any CPU
	EndGlobalSection
	GlobalSection(SolutionProperties) = preSolution
		HideSolutionNode = FALSE
	EndGlobalSection
	GlobalSection(ExtensibilityGlobals) = postSolution
		SolutionGuid = {05C633E0-E787-43F3-8ED6-04BCAECFDCCD}
	EndGlobalSection
EndGlobal
